
Microsoft Visual Studio Solution File, Format Version 12.00
# Visual Studio Version 16
VisualStudioVersion = 16.0.30225.117
MinimumVisualStudioVersion = 10.0.40219.1
Project("{2150E333-8FDC-42A3-9474-1A3956D46DE8}") = "Microservices", "Microservices", "{CC3CA650-90BD-4760-9829-A1A4DF144204}"
EndProject
Project("{2150E333-8FDC-42A3-9474-1A3956D46DE8}") = "Domain", "Domain", "{D6377B47-2A4F-4967-8A6C-184839CBC2C5}"
EndProject
Project("{2150E333-8FDC-42A3-9474-1A3956D46DE8}") = "Presentation", "Presentation", "{AE9E492B-3A3E-4884-AF18-CFF1AD1501F9}"
EndProject
Project("{2150E333-8FDC-42A3-9474-1A3956D46DE8}") = "Infra.Bus", "Infra.Bus", "{23CB7535-6E57-4D15-9097-7C7D59E8ED8B}"
EndProject
Project("{2150E333-8FDC-42A3-9474-1A3956D46DE8}") = "Infra.IoC", "Infra.IoC", "{AC0D0C5D-2DEA-41DB-BE04-C26CFFAA0B51}"
EndProject
Project("{9A19103F-16F7-4668-BE54-9A1E7A4F7556}") = "MicroRabbit.Domain.Core", "MicroRabbit.Domain.Core\MicroRabbit.Domain.Core.csproj", "{97401698-9101-4E50-8E60-D90D361BA85C}"
EndProject
Project("{9A19103F-16F7-4668-BE54-9A1E7A4F7556}") = "MicroRabbit.Infra.Bus", "MicroRabbit.Infra.Bus\MicroRabbit.Infra.Bus.csproj", "{C2DF6351-BDD6-4D07-831C-BC3A877F6C30}"
EndProject
Project("{FAE04EC0-301F-11D3-BF4B-00C04F79EFBC}") = "MicroRabbit.Infra.IoC", "MicroRabbit.Infra.IoC\MicroRabbit.Infra.IoC.csproj", "{76D389BC-DC2E-4FD8-ABED-8F74AAB6B5E3}"
EndProject
Project("{2150E333-8FDC-42A3-9474-1A3956D46DE8}") = "Banking", "Banking", "{FF79CACB-8A08-4513-AE61-B76395F906A4}"
EndProject
Project("{2150E333-8FDC-42A3-9474-1A3956D46DE8}") = "Api", "Api", "{0ACF47B1-B4E8-4E2B-A117-F4CF3A0FD635}"
EndProject
Project("{2150E333-8FDC-42A3-9474-1A3956D46DE8}") = "Domain", "Domain", "{8D61E54C-BF2C-4A85-8AB4-B8F40B47E913}"
EndProject
Project("{2150E333-8FDC-42A3-9474-1A3956D46DE8}") = "Application", "Application", "{56E48692-1E12-481D-8511-AED66558105E}"
EndProject
Project("{2150E333-8FDC-42A3-9474-1A3956D46DE8}") = "Data", "Data", "{74AFAF4E-798B-49D6-B3C3-A5EC63E62677}"
EndProject
Project("{FAE04EC0-301F-11D3-BF4B-00C04F79EFBC}") = "MicroRabbit.Banking.Api", "MicroRabbit.Banking.Api\MicroRabbit.Banking.Api.csproj", "{43FE1E3D-FE08-4BA1-A551-C4224F482DAE}"
EndProject
Project("{FAE04EC0-301F-11D3-BF4B-00C04F79EFBC}") = "MicroRabbit.Banking.Application", "MicroRabbit.Banking.Application\MicroRabbit.Banking.Application.csproj", "{7825E9B2-DC98-4B27-A4C1-A414C5155180}"
EndProject
Project("{FAE04EC0-301F-11D3-BF4B-00C04F79EFBC}") = "MicroRabbit.Banking.Data", "MicroRabbit.Banking.Data\MicroRabbit.Banking.Data.csproj", "{76256F3D-A475-45B3-BC88-2F36D8F38A22}"
EndProject
Project("{FAE04EC0-301F-11D3-BF4B-00C04F79EFBC}") = "MicroRabbit.Banking.Domain", "MicroRabbit.Banking.Domain\MicroRabbit.Banking.Domain.csproj", "{1558A94C-5ED4-4D9B-B5AE-41F3334E3872}"
EndProject
Global
	GlobalSection(SolutionConfigurationPlatforms) = preSolution
		Debug|Any CPU = Debug|Any CPU
		Release|Any CPU = Release|Any CPU
	EndGlobalSection
	GlobalSection(ProjectConfigurationPlatforms) = postSolution
		{97401698-9101-4E50-8E60-D90D361BA85C}.Debug|Any CPU.ActiveCfg = Debug|Any CPU
		{97401698-9101-4E50-8E60-D90D361BA85C}.Debug|Any CPU.Build.0 = Debug|Any CPU
		{97401698-9101-4E50-8E60-D90D361BA85C}.Release|Any CPU.ActiveCfg = Release|Any CPU
		{97401698-9101-4E50-8E60-D90D361BA85C}.Release|Any CPU.Build.0 = Release|Any CPU
		{C2DF6351-BDD6-4D07-831C-BC3A877F6C30}.Debug|Any CPU.ActiveCfg = Debug|Any CPU
		{C2DF6351-BDD6-4D07-831C-BC3A877F6C30}.Debug|Any CPU.Build.0 = Debug|Any CPU
		{C2DF6351-BDD6-4D07-831C-BC3A877F6C30}.Release|Any CPU.ActiveCfg = Release|Any CPU
		{C2DF6351-BDD6-4D07-831C-BC3A877F6C30}.Release|Any CPU.Build.0 = Release|Any CPU
		{76D389BC-DC2E-4FD8-ABED-8F74AAB6B5E3}.Debug|Any CPU.ActiveCfg = Debug|Any CPU
		{76D389BC-DC2E-4FD8-ABED-8F74AAB6B5E3}.Debug|Any CPU.Build.0 = Debug|Any CPU
		{76D389BC-DC2E-4FD8-ABED-8F74AAB6B5E3}.Release|Any CPU.ActiveCfg = Release|Any CPU
		{76D389BC-DC2E-4FD8-ABED-8F74AAB6B5E3}.Release|Any CPU.Build.0 = Release|Any CPU
		{43FE1E3D-FE08-4BA1-A551-C4224F482DAE}.Debug|Any CPU.ActiveCfg = Debug|Any CPU
		{43FE1E3D-FE08-4BA1-A551-C4224F482DAE}.Debug|Any CPU.Build.0 = Debug|Any CPU
		{43FE1E3D-FE08-4BA1-A551-C4224F482DAE}.Release|Any CPU.ActiveCfg = Release|Any CPU
		{43FE1E3D-FE08-4BA1-A551-C4224F482DAE}.Release|Any CPU.Build.0 = Release|Any CPU
		{7825E9B2-DC98-4B27-A4C1-A414C5155180}.Debug|Any CPU.ActiveCfg = Debug|Any CPU
		{7825E9B2-DC98-4B27-A4C1-A414C5155180}.Debug|Any CPU.Build.0 = Debug|Any CPU
		{7825E9B2-DC98-4B27-A4C1-A414C5155180}.Release|Any CPU.ActiveCfg = Release|Any CPU
		{7825E9B2-DC98-4B27-A4C1-A414C5155180}.Release|Any CPU.Build.0 = Release|Any CPU
		{76256F3D-A475-45B3-BC88-2F36D8F38A22}.Debug|Any CPU.ActiveCfg = Debug|Any CPU
		{76256F3D-A475-45B3-BC88-2F36D8F38A22}.Debug|Any CPU.Build.0 = Debug|Any CPU
		{76256F3D-A475-45B3-BC88-2F36D8F38A22}.Release|Any CPU.ActiveCfg = Release|Any CPU
		{76256F3D-A475-45B3-BC88-2F36D8F38A22}.Release|Any CPU.Build.0 = Release|Any CPU
		{1558A94C-5ED4-4D9B-B5AE-41F3334E3872}.Debug|Any CPU.ActiveCfg = Debug|Any CPU
		{1558A94C-5ED4-4D9B-B5AE-41F3334E3872}.Debug|Any CPU.Build.0 = Debug|Any CPU
		{1558A94C-5ED4-4D9B-B5AE-41F3334E3872}.Release|Any CPU.ActiveCfg = Release|Any CPU
		{1558A94C-5ED4-4D9B-B5AE-41F3334E3872}.Release|Any CPU.Build.0 = Release|Any CPU
	EndGlobalSection
	GlobalSection(SolutionProperties) = preSolution
		HideSolutionNode = FALSE
	EndGlobalSection
	GlobalSection(NestedProjects) = preSolution
		{97401698-9101-4E50-8E60-D90D361BA85C} = {D6377B47-2A4F-4967-8A6C-184839CBC2C5}
		{C2DF6351-BDD6-4D07-831C-BC3A877F6C30} = {23CB7535-6E57-4D15-9097-7C7D59E8ED8B}
		{76D389BC-DC2E-4FD8-ABED-8F74AAB6B5E3} = {AC0D0C5D-2DEA-41DB-BE04-C26CFFAA0B51}
		{FF79CACB-8A08-4513-AE61-B76395F906A4} = {CC3CA650-90BD-4760-9829-A1A4DF144204}
		{0ACF47B1-B4E8-4E2B-A117-F4CF3A0FD635} = {FF79CACB-8A08-4513-AE61-B76395F906A4}
		{8D61E54C-BF2C-4A85-8AB4-B8F40B47E913} = {FF79CACB-8A08-4513-AE61-B76395F906A4}
		{56E48692-1E12-481D-8511-AED66558105E} = {FF79CACB-8A08-4513-AE61-B76395F906A4}
		{74AFAF4E-798B-49D6-B3C3-A5EC63E62677} = {FF79CACB-8A08-4513-AE61-B76395F906A4}
		{43FE1E3D-FE08-4BA1-A551-C4224F482DAE} = {0ACF47B1-B4E8-4E2B-A117-F4CF3A0FD635}
		{7825E9B2-DC98-4B27-A4C1-A414C5155180} = {56E48692-1E12-481D-8511-AED66558105E}
		{76256F3D-A475-45B3-BC88-2F36D8F38A22} = {74AFAF4E-798B-49D6-B3C3-A5EC63E62677}
		{1558A94C-5ED4-4D9B-B5AE-41F3334E3872} = {8D61E54C-BF2C-4A85-8AB4-B8F40B47E913}
	EndGlobalSection
	GlobalSection(ExtensibilityGlobals) = postSolution
		SolutionGuid = {2B72207C-0218-4750-B9F4-C90CF7EFCE86}
	EndGlobalSection
EndGlobal
